// !$*UTF8*$!
{
	archiveVersion = 1;
	classes = {
	};
	objectVersion = 77;
	objects = {

/* Begin PBXContainerItemProxy section */
		810663C72F0ACB600053FF59 /* PBXContainerItemProxy */ = {
			isa = PBXContainerItemProxy;
			containerPortal = 810663B12F0ACB5E0053FF59 /* Project object */;
			proxyType = 1;
			remoteGlobalIDString = 810663B82F0ACB5E0053FF59;
			remoteInfo = Keeprr;
		};
		810663D12F0ACB600053FF59 /* PBXContainerItemProxy */ = {
			isa = PBXContainerItemProxy;
			containerPortal = 810663B12F0ACB5E0053FF59 /* Project object */;
			proxyType = 1;
			remoteGlobalIDString = 810663B82F0ACB5E0053FF59;
			remoteInfo = Keeprr;
		};
/* End PBXContainerItemProxy section */

/* Begin PBXFileReference section */
		810663B92F0ACB5E0053FF59 /* Keeprr.app */ = {isa = PBXFileReference; explicitFileType = wrapper.application; includeInIndex = 0; path = Keeprr.app; sourceTree = BUILT_PRODUCTS_DIR; };
		810663C62F0ACB600053FF59 /* KeeprrTests.xctest */ = {isa = PBXFileReference; explicitFileType = wrapper.cfbundle; includeInIndex = 0; path = KeeprrTests.xctest; sourceTree = BUILT_PRODUCTS_DIR; };
		810663D02F0ACB600053FF59 /* KeeprrUITests.xctest */ = {isa = PBXFileReference; explicitFileType = wrapper.cfbundle; includeInIndex = 0; path = KeeprrUITests.xctest; sourceTree = BUILT_PRODUCTS_DIR; };
/* End PBXFileReference section */

/* Begin PBXFileSystemSynchronizedRootGroup section */
		810663BB2F0ACB5E0053FF59 /* Keeprr */ = {
			isa = PBXFileSystemSynchronizedRootGroup;
			path = Keeprr;
			sourceTree = "<group>";
		};
		810663C92F0ACB600053FF59 /* KeeprrTests */ = {
			isa = PBXFileSystemSynchronizedRootGroup;
			path = KeeprrTests;
			sourceTree = "<group>";
		};
		810663D32F0ACB600053FF59 /* KeeprrUITests */ = {
			isa = PBXFileSystemSynchronizedRootGroup;
			path = KeeprrUITests;
			sourceTree = "<group>";
		};
/* End PBXFileSystemSynchronizedRootGroup section */

/* Begin PBXFrameworksBuildPhase section */
		810663B62F0ACB5E0053FF59 /* Frameworks */ = {
			isa = PBXFrameworksBuildPhase;
			buildActionMask = 2147483647;
			files = (
			);
			runOnlyForDeploymentPostprocessing = 0;
		};
		810663C32F0ACB600053FF59 /* Frameworks */ = {
			isa = PBXFrameworksBuildPhase;
			buildActionMask = 2147483647;
			files = (
			);
			runOnlyForDeploymentPostprocessing = 0;
		};
		810663CD2F0ACB600053FF59 /* Frameworks */ = {
			isa = PBXFrameworksBuildPhase;
			buildActionMask = 2147483647;
			files = (
			);
			runOnlyForDeploymentPostprocessing = 0;
		};
/* End PBXFrameworksBuildPhase section */

/* Begin PBXGroup section */
		810663B02F0ACB5E0053FF59 = {
			isa = PBXGroup;
			children = (
				810663BB2F0ACB5E0053FF59 /* Keeprr */,
				810663C92F0ACB600053FF59 /* KeeprrTests */,
				810663D32F0ACB600053FF59 /* KeeprrUITests */,
				810663BA2F0ACB5E0053FF59 /* Products */,
			);
			sourceTree = "<group>";
		};
		810663BA2F0ACB5E0053FF59 /* Products */ = {
			isa = PBXGroup;
			children = (
				810663B92F0ACB5E0053FF59 /* Keeprr.app */,
				810663C62F0ACB600053FF59 /* KeeprrTests.xctest */,
				810663D02F0ACB600053FF59 /* KeeprrUITests.xctest */,
			);
			name = Products;
			sourceTree = "<group>";
		};
/* End PBXGroup section */

/* Begin PBXNativeTarget section */
		810663B82F0ACB5E0053FF59 /* Keeprr */ = {
			isa = PBXNativeTarget;
			buildConfigurationList = 810663DA2F0ACB600053FF59 /* Build configuration list for PBXNativeTarget "Keeprr" */;
			buildPhases = (
				810663B52F0ACB5E0053FF59 /* Sources */,
				810663B62F0ACB5E0053FF59 /* Frameworks */,
				810663B72F0ACB5E0053FF59 /* Resources */,
			);
			buildRules = (
			);
			dependencies = (
			);
			fileSystemSynchronizedGroups = (
				810663BB2F0ACB5E0053FF59 /* Keeprr */,
			);
			name = Keeprr;
			packageProductDependencies = (
			);
			productName = Keeprr;
			productReference = 810663B92F0ACB5E0053FF59 /* Keeprr.app */;
			productType = "com.apple.product-type.application";
		};
		810663C52F0ACB600053FF59 /* KeeprrTests */ = {
			isa = PBXNativeTarget;
			buildConfigurationList = 810663DD2F0ACB600053FF59 /* Build configuration list for PBXNativeTarget "KeeprrTests" */;
			buildPhases = (
				810663C22F0ACB600053FF59 /* Sources */,
				810663C32F0ACB600053FF59 /* Frameworks */,
				810663C42F0ACB600053FF59 /* Resources */,
			);
			buildRules = (
			);
			dependencies = (
				810663C82F0ACB600053FF59 /* PBXTargetDependency */,
			);
			fileSystemSynchronizedGroups = (
				810663C92F0ACB600053FF59 /* KeeprrTests */,
			);
			name = KeeprrTests;
			packageProductDependencies = (
			);
			productName = KeeprrTests;
			productReference = 810663C62F0ACB600053FF59 /* KeeprrTests.xctest */;
			productType = "com.apple.product-type.bundle.unit-test";
		};
		810663CF2F0ACB600053FF59 /* KeeprrUITests */ = {
			isa = PBXNativeTarget;
			buildConfigurationList = 810663E02F0ACB600053FF59 /* Build configuration list for PBXNativeTarget "KeeprrUITests" */;
			buildPhases = (
				810663CC2F0ACB600053FF59 /* Sources */,
				810663CD2F0ACB600053FF59 /* Frameworks */,
				810663CE2F0ACB600053FF59 /* Resources */,
			);
			buildRules = (
			);
			dependencies = (
				810663D22F0ACB600053FF59 /* PBXTargetDependency */,
			);
			fileSystemSynchronizedGroups = (
				810663D32F0ACB600053FF59 /* KeeprrUITests */,
			);
			name = KeeprrUITests;
			packageProductDependencies = (
			);
			productName = KeeprrUITests;
			productReference = 810663D02F0ACB600053FF59 /* KeeprrUITests.xctest */;
			productType = "com.apple.product-type.bundle.ui-testing";
		};
/* End PBXNativeTarget section */

/* Begin PBXProject section */
		810663B12F0ACB5E0053FF59 /* Project object */ = {
			isa = PBXProject;
			attributes = {
				BuildIndependentTargetsInParallel = 1;
				LastSwiftUpdateCheck = 1640;
				LastUpgradeCheck = 1640;
				TargetAttributes = {
					810663B82F0ACB5E0053FF59 = {
						CreatedOnToolsVersion = 16.4;
					};
					810663C52F0ACB600053FF59 = {
						CreatedOnToolsVersion = 16.4;
						TestTargetID = 810663B82F0ACB5E0053FF59;
					};
					810663CF2F0ACB600053FF59 = {
						CreatedOnToolsVersion = 16.4;
						TestTargetID = 810663B82F0ACB5E0053FF59;
					};
				};
			};
			buildConfigurationList = 810663B42F0ACB5E0053FF59 /* Build configuration list for PBXProject "Keeprr" */;
			developmentRegion = en;
			hasScannedForEncodings = 0;
			knownRegions = (
				en,
				Base,
			);
			mainGroup = 810663B02F0ACB5E0053FF59;
			minimizedProjectReferenceProxies = 1;
			preferredProjectObjectVersion = 77;
			productRefGroup = 810663BA2F0ACB5E0053FF59 /* Products */;
			projectDirPath = "";
			projectRoot = "";
			targets = (
				810663B82F0ACB5E0053FF59 /* Keeprr */,
				810663C52F0ACB600053FF59 /* KeeprrTests */,
				810663CF2F0ACB600053FF59 /* KeeprrUITests */,
			);
		};
/* End PBXProject section */

/* Begin PBXResourcesBuildPhase section */
		810663B72F0ACB5E0053FF59 /* Resources */ = {
			isa = PBXResourcesBuildPhase;
			buildActionMask = 2147483647;
			files = (
			);
			runOnlyForDeploymentPostprocessing = 0;
		};
		810663C42F0ACB600053FF59 /* Resources */ = {
			isa = PBXResourcesBuildPhase;
			buildActionMask = 2147483647;
			files = (
			);
			runOnlyForDeploymentPostprocessing = 0;
		};
		810663CE2F0ACB600053FF59 /* Resources */ = {
			isa = PBXResourcesBuildPhase;
			buildActionMask = 2147483647;
			files = (
			);
			runOnlyForDeploymentPostprocessing = 0;
		};
/* End PBXResourcesBuildPhase section */

/* Begin PBXSourcesBuildPhase section */
		810663B52F0ACB5E0053FF59 /* Sources */ = {
			isa = PBXSourcesBuildPhase;
			buildActionMask = 2147483647;
			files = (
			);
			runOnlyForDeploymentPostprocessing = 0;
		};
		810663C22F0ACB600053FF59 /* Sources */ = {
			isa = PBXSourcesBuildPhase;
			buildActionMask = 2147483647;
			files = (
			);
			runOnlyForDeploymentPostprocessing = 0;
		};
		810663CC2F0ACB600053FF59 /* Sources */ = {
			isa = PBXSourcesBuildPhase;
			buildActionMask = 2147483647;
			files = (
			);
			runOnlyForDeploymentPostprocessing = 0;
		};
/* End PBXSourcesBuildPhase section */

/* Begin PBXTargetDependency section */
		810663C82F0ACB600053FF59 /* PBXTargetDependency */ = {
			isa = PBXTargetDependency;
			target = 810663B82F0ACB5E0053FF59 /* Keeprr */;
			targetProxy = 810663C72F0ACB600053FF59 /* PBXContainerItemProxy */;
		};
		810663D22F0ACB600053FF59 /* PBXTargetDependency */ = {
			isa = PBXTargetDependency;
			target = 810663B82F0ACB5E0053FF59 /* Keeprr */;
			targetProxy = 810663D12F0ACB600053FF59 /* PBXContainerItemProxy */;
		};
/* End PBXTargetDependency section */

/* Begin XCBuildConfiguration section */
		810663D82F0ACB600053FF59 /* Debug */ = {
			isa = XCBuildConfiguration;
			buildSettings = {
				ALWAYS_SEARCH_USER_PATHS = NO;
				ASSETCATALOG_COMPILER_GENERATE_SWIFT_ASSET_SYMBOL_EXTENSIONS = YES;
				CLANG_ANALYZER_NONNULL = YES;
				CLANG_ANALYZER_NUMBER_OBJECT_CONVERSION = YES_AGGRESSIVE;
				CLANG_CXX_LANGUAGE_STANDARD = "gnu++20";
				CLANG_ENABLE_MODULES = YES;
				CLANG_ENABLE_OBJC_ARC = YES;
				CLANG_ENABLE_OBJC_WEAK = YES;
				CLANG_WARN_BLOCK_CAPTURE_AUTORELEASING = YES;
				CLANG_WARN_BOOL_CONVERSION = YES;
				CLANG_WARN_COMMA = YES;
				CLANG_WARN_CONSTANT_CONVERSION = YES;
				CLANG_WARN_DEPRECATED_OBJC_IMPLEMENTATIONS = YES;
				CLANG_WARN_DIRECT_OBJC_ISA_USAGE = YES_ERROR;
				CLANG_WARN_DOCUMENTATION_COMMENTS = YES;
				CLANG_WARN_EMPTY_BODY = YES;
				CLANG_WARN_ENUM_CONVERSION = YES;
				CLANG_WARN_INFINITE_RECURSION = YES;
				CLANG_WARN_INT_CONVERSION = YES;
				CLANG_WARN_NON_LITERAL_NULL_CONVERSION = YES;
				CLANG_WARN_OBJC_IMPLICIT_RETAIN_SELF = YES;
				CLANG_WARN_OBJC_LITERAL_CONVERSION = YES;
				CLANG_WARN_OBJC_ROOT_CLASS = YES_ERROR;
				CLANG_WARN_QUOTED_INCLUDE_IN_FRAMEWORK_HEADER = YES;
				CLANG_WARN_RANGE_LOOP_ANALYSIS = YES;
				CLANG_WARN_STRICT_PROTOTYPES = YES;
				CLANG_WARN_SUSPICIOUS_MOVE = YES;
				CLANG_WARN_UNGUARDED_AVAILABILITY = YES_AGGRESSIVE;
				CLANG_WARN_UNREACHABLE_CODE = YES;
				CLANG_WARN__DUPLICATE_METHOD_MATCH = YES;
				COPY_PHASE_STRIP = NO;
				DEBUG_INFORMATION_FORMAT = dwarf;
				DEVELOPMENT_TEAM = ZYW3PQ9PT6;
				ENABLE_STRICT_OBJC_MSGSEND = YES;
				ENABLE_TESTABILITY = YES;
				ENABLE_USER_SCRIPT_SANDBOXING = YES;
				GCC_C_LANGUAGE_STANDARD = gnu17;
				GCC_DYNAMIC_NO_PIC = NO;
				GCC_NO_COMMON_BLOCKS = YES;
				GCC_OPTIMIZATION_LEVEL = 0;
				GCC_PREPROCESSOR_DEFINITIONS = (
					"DEBUG=1",
					"$(inherited)",
				);
				GCC_WARN_64_TO_32_BIT_CONVERSION = YES;
				GCC_WARN_ABOUT_RETURN_TYPE = YES_ERROR;
				GCC_WARN_UNDECLARED_SELECTOR = YES;
				GCC_WARN_UNINITIALIZED_AUTOS = YES_AGGRESSIVE;
				GCC_WARN_UNUSED_FUNCTION = YES;
				GCC_WARN_UNUSED_VARIABLE = YES;
				IPHONEOS_DEPLOYMENT_TARGET = 18.5;
				LOCALIZATION_PREFERS_STRING_CATALOGS = YES;
				MTL_ENABLE_DEBUG_INFO = INCLUDE_SOURCE;
				MTL_FAST_MATH = YES;
				ONLY_ACTIVE_ARCH = YES;
				SDKROOT = iphoneos;
				SWIFT_ACTIVE_COMPILATION_CONDITIONS = "DEBUG $(inherited)";
				SWIFT_OPTIMIZATION_LEVEL = "-Onone";
			};
			name = Debug;
		};
		810663D92F0ACB600053FF59 /* Release */ = {
			isa = XCBuildConfiguration;
			buildSettings = {
				ALWAYS_SEARCH_USER_PATHS = NO;
				ASSETCATALOG_COMPILER_GENERATE_SWIFT_ASSET_SYMBOL_EXTENSIONS = YES;
				CLANG_ANALYZER_NONNULL = YES;
				CLANG_ANALYZER_NUMBER_OBJECT_CONVERSION = YES_AGGRESSIVE;
				CLANG_CXX_LANGUAGE_STANDARD = "gnu++20";
				CLANG_ENABLE_MODULES = YES;
				CLANG_ENABLE_OBJC_ARC = YES;
				CLANG_ENABLE_OBJC_WEAK = YES;
				CLANG_WARN_BLOCK_CAPTURE_AUTORELEASING = YES;
				CLANG_WARN_BOOL_CONVERSION = YES;
				CLANG_WARN_COMMA = YES;
				CLANG_WARN_CONSTANT_CONVERSION = YES;
				CLANG_WARN_DEPRECATED_OBJC_IMPLEMENTATIONS = YES;
				CLANG_WARN_DIRECT_OBJC_ISA_USAGE = YES_ERROR;
				CLANG_WARN_DOCUMENTATION_COMMENTS = YES;
				CLANG_WARN_EMPTY_BODY = YES;
				CLANG_WARN_ENUM_CONVERSION = YES;
				CLANG_WARN_INFINITE_RECURSION = YES;
				CLANG_WARN_INT_CONVERSION = YES;
				CLANG_WARN_NON_LITERAL_NULL_CONVERSION = YES;
				CLANG_WARN_OBJC_IMPLICIT_RETAIN_SELF = YES;
				CLANG_WARN_OBJC_LITERAL_CONVERSION = YES;
				CLANG_WARN_OBJC_ROOT_CLASS = YES_ERROR;
				CLANG_WARN_QUOTED_INCLUDE_IN_FRAMEWORK_HEADER = YES;
				CLANG_WARN_RANGE_LOOP_ANALYSIS = YES;
				CLANG_WARN_STRICT_PROTOTYPES = YES;
				CLANG_WARN_SUSPICIOUS_MOVE = YES;
				CLANG_WARN_UNGUARDED_AVAILABILITY = YES_AGGRESSIVE;
				CLANG_WARN_UNREACHABLE_CODE = YES;
				CLANG_WARN__DUPLICATE_METHOD_MATCH = YES;
				COPY_PHASE_STRIP = NO;
				DEBUG_INFORMATION_FORMAT = "dwarf-with-dsym";
				DEVELOPMENT_TEAM = ZYW3PQ9PT6;
				ENABLE_NS_ASSERTIONS = NO;
				ENABLE_STRICT_OBJC_MSGSEND = YES;
				ENABLE_USER_SCRIPT_SANDBOXING = YES;
				GCC_C_LANGUAGE_STANDARD = gnu17;
				GCC_NO_COMMON_BLOCKS = YES;
				GCC_WARN_64_TO_32_BIT_CONVERSION = YES;
				GCC_WARN_ABOUT_RETURN_TYPE = YES_ERROR;
				GCC_WARN_UNDECLARED_SELECTOR = YES;
				GCC_WARN_UNINITIALIZED_AUTOS = YES_AGGRESSIVE;
				GCC_WARN_UNUSED_FUNCTION = YES;
				GCC_WARN_UNUSED_VARIABLE = YES;
				IPHONEOS_DEPLOYMENT_TARGET = 18.5;
				LOCALIZATION_PREFERS_STRING_CATALOGS = YES;
				MTL_ENABLE_DEBUG_INFO = NO;
				MTL_FAST_MATH = YES;
				SDKROOT = iphoneos;
				SWIFT_COMPILATION_MODE = wholemodule;
				VALIDATE_PRODUCT = YES;
			};
			name = Release;
		};
		810663DB2F0ACB600053FF59 /* Debug */ = {
			isa = XCBuildConfiguration;
			buildSettings = {
				ASSETCATALOG_COMPILER_APPICON_NAME = AppIcon;
				ASSETCATALOG_COMPILER_GLOBAL_ACCENT_COLOR_NAME = AccentColor;
				CODE_SIGN_STYLE = Automatic;
				CURRENT_PROJECT_VERSION = 1;
				DEVELOPMENT_TEAM = ZYW3PQ9PT6;
				ENABLE_PREVIEWS = YES;
				GENERATE_INFOPLIST_FILE = YES;
				INFOPLIST_KEY_NSCameraUsageDescription = "Keeprr needs access to your camera to take photos.";
				INFOPLIST_KEY_NSPhotoLibraryAddUsageDescription = "Keeprr needs access to save photos to your photo library.";
				INFOPLIST_KEY_NSPhotoLibraryUsageDescription = "Keeprr needs access to your photo library to display your photos in a calendar view.";
				INFOPLIST_KEY_UIApplicationSceneManifest_Generation = YES;
				INFOPLIST_KEY_UIApplicationSupportsIndirectInputEvents = YES;
				INFOPLIST_KEY_UILaunchScreen_Generation = YES;
				INFOPLIST_KEY_UISupportedInterfaceOrientations_iPad = "UIInterfaceOrientationPortrait UIInterfaceOrientationPortraitUpsideDown UIInterfaceOrientationLandscapeLeft UIInterfaceOrientationLandscapeRight";
				INFOPLIST_KEY_UISupportedInterfaceOrientations_iPhone = "UIInterfaceOrientationPortrait UIInterfaceOrientationLandscapeLeft UIInterfaceOrientationLandscapeRight";
				LD_RUNPATH_SEARCH_PATHS = (
					"$(inherited)",
					"@executable_path/Frameworks",
				);
				MARKETING_VERSION = 1.0;
				PRODUCT_BUNDLE_IDENTIFIER = Aimpoint.Keeprr;
				PRODUCT_NAME = "$(TARGET_NAME)";
				SWIFT_EMIT_LOC_STRINGS = YES;
				SWIFT_VERSION = 5.0;
				TARGETED_DEVICE_FAMILY = "1,2";
			};
			name = Debug;
		};
		810663DC2F0ACB600053FF59 /* Release */ = {
			isa = XCBuildConfiguration;
			buildSettings = {
				ASSETCATALOG_COMPILER_APPICON_NAME = AppIcon;
				ASSETCATALOG_COMPILER_GLOBAL_ACCENT_COLOR_NAME = AccentColor;
				CODE_SIGN_STYLE = Automatic;
				CURRENT_PROJECT_VERSION = 1;
				DEVELOPMENT_TEAM = ZYW3PQ9PT6;
				ENABLE_PREVIEWS = YES;
				GENERATE_INFOPLIST_FILE = YES;
				INFOPLIST_KEY_NSCameraUsageDescription = "Keeprr needs access to your camera to take photos.";
				INFOPLIST_KEY_NSPhotoLibraryAddUsageDescription = "Keeprr needs access to save photos to your photo library.";
				INFOPLIST_KEY_NSPhotoLibraryUsageDescription = "Keeprr needs access to your photo library to display your photos in a calendar view.";
				INFOPLIST_KEY_UIApplicationSceneManifest_Generation = YES;
				INFOPLIST_KEY_UIApplicationSupportsIndirectInputEvents = YES;
				INFOPLIST_KEY_UILaunchScreen_Generation = YES;
				INFOPLIST_KEY_UISupportedInterfaceOrientations_iPad = "UIInterfaceOrientationPortrait UIInterfaceOrientationPortraitUpsideDown UIInterfaceOrientationLandscapeLeft UIInterfaceOrientationLandscapeRight";
				INFOPLIST_KEY_UISupportedInterfaceOrientations_iPhone = "UIInterfaceOrientationPortrait UIInterfaceOrientationLandscapeLeft UIInterfaceOrientationLandscapeRight";
				LD_RUNPATH_SEARCH_PATHS = (
					"$(inherited)",
					"@executable_path/Frameworks",
				);
				MARKETING_VERSION = 1.0;
				PRODUCT_BUNDLE_IDENTIFIER = Aimpoint.Keeprr;
				PRODUCT_NAME = "$(TARGET_NAME)";
				SWIFT_EMIT_LOC_STRINGS = YES;
				SWIFT_VERSION = 5.0;
				TARGETED_DEVICE_FAMILY = "1,2";
			};
			name = Release;
		};
		810663DE2F0ACB600053FF59 /* Debug */ = {
			isa = XCBuildConfiguration;
			buildSettings = {
				BUNDLE_LOADER = "$(TEST_HOST)";
				CODE_SIGN_STYLE = Automatic;
				CURRENT_PROJECT_VERSION = 1;
				DEVELOPMENT_TEAM = ZYW3PQ9PT6;
				GENERATE_INFOPLIST_FILE = YES;
				IPHONEOS_DEPLOYMENT_TARGET = 18.5;
				MARKETING_VERSION = 1.0;
				PRODUCT_BUNDLE_IDENTIFIER = Aimpoint.KeeprrTests;
				PRODUCT_NAME = "$(TARGET_NAME)";
				SWIFT_EMIT_LOC_STRINGS = NO;
				SWIFT_VERSION = 5.0;
				TARGETED_DEVICE_FAMILY = "1,2";
				TEST_HOST = "$(BUILT_PRODUCTS_DIR)/Keeprr.app/$(BUNDLE_EXECUTABLE_FOLDER_PATH)/Keeprr";
			};
			name = Debug;
		};
		810663DF2F0ACB600053FF59 /* Release */ = {
			isa = XCBuildConfiguration;
			buildSettings = {
				BUNDLE_LOADER = "$(TEST_HOST)";
				CODE_SIGN_STYLE = Automatic;
				CURRENT_PROJECT_VERSION = 1;
				DEVELOPMENT_TEAM = ZYW3PQ9PT6;
				GENERATE_INFOPLIST_FILE = YES;
				IPHONEOS_DEPLOYMENT_TARGET = 18.5;
				MARKETING_VERSION = 1.0;
				PRODUCT_BUNDLE_IDENTIFIER = Aimpoint.KeeprrTests;
				PRODUCT_NAME = "$(TARGET_NAME)";
				SWIFT_EMIT_LOC_STRINGS = NO;
				SWIFT_VERSION = 5.0;
				TARGETED_DEVICE_FAMILY = "1,2";
				TEST_HOST = "$(BUILT_PRODUCTS_DIR)/Keeprr.app/$(BUNDLE_EXECUTABLE_FOLDER_PATH)/Keeprr";
			};
			name = Release;
		};
		810663E12F0ACB600053FF59 /* Debug */ = {
			isa = XCBuildConfiguration;
			buildSettings = {
				CODE_SIGN_STYLE = Automatic;
				CURRENT_PROJECT_VERSION = 1;
				DEVELOPMENT_TEAM = ZYW3PQ9PT6;
				GENERATE_INFOPLIST_FILE = YES;
				MARKETING_VERSION = 1.0;
				PRODUCT_BUNDLE_IDENTIFIER = Aimpoint.KeeprrUITests;
				PRODUCT_NAME = "$(TARGET_NAME)";
				SWIFT_EMIT_LOC_STRINGS = NO;
				SWIFT_VERSION = 5.0;
				TARGETED_DEVICE_FAMILY = "1,2";
				TEST_TARGET_NAME = Keeprr;
			};
			name = Debug;
		};
		810663E22F0ACB600053FF59 /* Release */ = {
			isa = XCBuildConfiguration;
			buildSettings = {
				CODE_SIGN_STYLE = Automatic;
				CURRENT_PROJECT_VERSION = 1;
				DEVELOPMENT_TEAM = ZYW3PQ9PT6;
				GENERATE_INFOPLIST_FILE = YES;
				MARKETING_VERSION = 1.0;
				PRODUCT_BUNDLE_IDENTIFIER = Aimpoint.KeeprrUITests;
				PRODUCT_NAME = "$(TARGET_NAME)";
				SWIFT_EMIT_LOC_STRINGS = NO;
				SWIFT_VERSION = 5.0;
				TARGETED_DEVICE_FAMILY = "1,2";
				TEST_TARGET_NAME = Keeprr;
			};
			name = Release;
		};
/* End XCBuildConfiguration section */

/* Begin XCConfigurationList section */
		810663B42F0ACB5E0053FF59 /* Build configuration list for PBXProject "Keeprr" */ = {
			isa = XCConfigurationList;
			buildConfigurations = (
				810663D82F0ACB600053FF59 /* Debug */,
				810663D92F0ACB600053FF59 /* Release */,
			);
			defaultConfigurationIsVisible = 0;
			defaultConfigurationName = Release;
		};
		810663DA2F0ACB600053FF59 /* Build configuration list for PBXNativeTarget "Keeprr" */ = {
			isa = XCConfigurationList;
			buildConfigurations = (
				810663DB2F0ACB600053FF59 /* Debug */,
				810663DC2F0ACB600053FF59 /* Release */,
			);
			defaultConfigurationIsVisible = 0;
			defaultConfigurationName = Release;
		};
		810663DD2F0ACB600053FF59 /* Build configuration list for PBXNativeTarget "KeeprrTests" */ = {
			isa = XCConfigurationList;
			buildConfigurations = (
				810663DE2F0ACB600053FF59 /* Debug */,
				810663DF2F0ACB600053FF59 /* Release */,
			);
			defaultConfigurationIsVisible = 0;
			defaultConfigurationName = Release;
		};
		810663E02F0ACB600053FF59 /* Build configuration list for PBXNativeTarget "KeeprrUITests" */ = {
			isa = XCConfigurationList;
			buildConfigurations = (
				810663E12F0ACB600053FF59 /* Debug */,
				810663E22F0ACB600053FF59 /* Release */,
			);
			defaultConfigurationIsVisible = 0;
			defaultConfigurationName = Release;
		};
/* End XCConfigurationList section */
	};
	rootObject = 810663B12F0ACB5E0053FF59 /* Project object */;
}
